
Microsoft Visual Studio Solution File, Format Version 12.00
# Visual Studio Version 16
VisualStudioVersion = 16.0.30907.101
MinimumVisualStudioVersion = 10.0.40219.1
Project("{9A19103F-16F7-4668-BE54-9A1E7A4F7556}") = "authorization_code_grant", "authorization_code_grant.csproj", "{6DCC6237-6CA0-44DE-ABC2-AE0DACF289C9}"
EndProject
Global
	GlobalSection(SolutionConfigurationPlatforms) = preSolution
		Debug|Any CPU = Debug|Any CPU
		Release|Any CPU = Release|Any CPU
	EndGlobalSection
	GlobalSection(ProjectConfigurationPlatforms) = postSolution
		{6DCC6237-6CA0-44DE-ABC2-AE0DACF289C9}.Debug|Any CPU.ActiveCfg = Debug|Any CPU
		{6DCC6237-6CA0-44DE-ABC2-AE0DACF289C9}.Debug|Any CPU.Build.0 = Debug|Any CPU
		{6DCC6237-6CA0-44DE-ABC2-AE0DACF289C9}.Release|Any CPU.ActiveCfg = Release|Any CPU
		{6DCC6237-6CA0-44DE-ABC2-AE0DACF289C9}.Release|Any CPU.Build.0 = Release|Any CPU
	EndGlobalSection
	GlobalSection(SolutionProperties) = preSolution
		HideSolutionNode = FALSE
	EndGlobalSection
	GlobalSection(ExtensibilityGlobals) = postSolution
		SolutionGuid = {CECC760F-2C39-49FE-87B6-BBB807A66EB1}
	EndGlobalSection
EndGlobal
