
Microsoft Visual Studio Solution File, Format Version 12.00
# Visual Studio Version 16
VisualStudioVersion = 16.0.30907.101
MinimumVisualStudioVersion = 10.0.40219.1
Project("{9A19103F-16F7-4668-BE54-9A1E7A4F7556}") = "client_credentials_grant", "client_credentials_grant.csproj", "{6A239618-51F3-49AD-AD8E-F09EEF5D3831}"
EndProject
Global
	GlobalSection(SolutionConfigurationPlatforms) = preSolution
		Debug|Any CPU = Debug|Any CPU
		Release|Any CPU = Release|Any CPU
	EndGlobalSection
	GlobalSection(ProjectConfigurationPlatforms) = postSolution
		{6A239618-51F3-49AD-AD8E-F09EEF5D3831}.Debug|Any CPU.ActiveCfg = Debug|Any CPU
		{6A239618-51F3-49AD-AD8E-F09EEF5D3831}.Debug|Any CPU.Build.0 = Debug|Any CPU
		{6A239618-51F3-49AD-AD8E-F09EEF5D3831}.Release|Any CPU.ActiveCfg = Release|Any CPU
		{6A239618-51F3-49AD-AD8E-F09EEF5D3831}.Release|Any CPU.Build.0 = Release|Any CPU
	EndGlobalSection
	GlobalSection(SolutionProperties) = preSolution
		HideSolutionNode = FALSE
	EndGlobalSection
	GlobalSection(ExtensibilityGlobals) = postSolution
		SolutionGuid = {B2964CD6-3AF8-483C-A84B-5D02479D60D0}
	EndGlobalSection
EndGlobal
